
Microsoft Visual Studio Solution File, Format Version 12.00
# Visual Studio 2012
Project("{FAE04EC0-301F-11D3-BF4B-00C04F79EFBC}") = "Phoneword_iOS", "Phoneword_iOS\Phoneword_iOS.csproj", "{DEAFCBC0-F08E-4AC4-9C77-830B83336527}"
EndProject
Global
	GlobalSection(SolutionConfigurationPlatforms) = preSolution
		Debug|iPhoneSimulator = Debug|iPhoneSimulator
		Release|iPhone = Release|iPhone
		Release|iPhoneSimulator = Release|iPhoneSimulator
		Debug|iPhone = Debug|iPhone
	EndGlobalSection
	GlobalSection(ProjectConfigurationPlatforms) = postSolution
		{DEAFCBC0-F08E-4AC4-9C77-830B83336527}.Debug|iPhoneSimulator.ActiveCfg = Debug|iPhoneSimulator
		{DEAFCBC0-F08E-4AC4-9C77-830B83336527}.Debug|iPhoneSimulator.Build.0 = Debug|iPhoneSimulator
		{DEAFCBC0-F08E-4AC4-9C77-830B83336527}.Release|iPhone.ActiveCfg = Release|iPhone
		{DEAFCBC0-F08E-4AC4-9C77-830B83336527}.Release|iPhone.Build.0 = Release|iPhone
		{DEAFCBC0-F08E-4AC4-9C77-830B83336527}.Release|iPhoneSimulator.ActiveCfg = Release|iPhoneSimulator
		{DEAFCBC0-F08E-4AC4-9C77-830B83336527}.Release|iPhoneSimulator.Build.0 = Release|iPhoneSimulator
		{DEAFCBC0-F08E-4AC4-9C77-830B83336527}.Debug|iPhone.ActiveCfg = Debug|iPhone
		{DEAFCBC0-F08E-4AC4-9C77-830B83336527}.Debug|iPhone.Build.0 = Debug|iPhone
	EndGlobalSection
EndGlobal
